{
  "name": "markdowntoxenforobb",
  "version": "1.0.0",
  "lockfileVersion": 1,
  "requires": true,
  "dependencies": {
    "coffeescript": {
      "version": "2.5.1",
      "resolved": "https://registry.npmjs.org/coffeescript/-/coffeescript-2.5.1.tgz",
      "integrity": "sha512-J2jRPX0eeFh5VKyVnoLrfVFgLZtnnmp96WQSLAS8OrLm2wtQLcnikYKe1gViJKDH7vucjuhHvBKKBP3rKcD1tQ=="
    },
    "line-ending-corrector": {
      "version": "1.0.1",
      "resolved": "https://registry.npmjs.org/line-ending-corrector/-/line-ending-corrector-1.0.1.tgz",
      "integrity": "sha1-WGN+//piwZo29AGPI4i6jTHayQA=",
      "requires": {
        "coffeescript": "^2.0.3"
      }
    }
  }
}
